
Microsoft Visual Studio Solution File, Format Version 12.00
# Visual Studio 15
VisualStudioVersion = 15.0.28307.136
MinimumVisualStudioVersion = 10.0.40219.1
Project("{FAE04EC0-301F-11D3-BF4B-00C04F79EFBC}") = "WebApplication1", "WebApplication1\WebApplication1.csproj", "{4376DE6E-120B-465D-9AB3-FDEF0FB69113}"
EndProject
Global
	GlobalSection(SolutionConfigurationPlatforms) = preSolution
		Debug|Any CPU = Debug|Any CPU
		Release|Any CPU = Release|Any CPU
	EndGlobalSection
	GlobalSection(ProjectConfigurationPlatforms) = postSolution
		{4376DE6E-120B-465D-9AB3-FDEF0FB69113}.Debug|Any CPU.ActiveCfg = Debug|Any CPU
		{4376DE6E-120B-465D-9AB3-FDEF0FB69113}.Debug|Any CPU.Build.0 = Debug|Any CPU
		{4376DE6E-120B-465D-9AB3-FDEF0FB69113}.Release|Any CPU.ActiveCfg = Release|Any CPU
		{4376DE6E-120B-465D-9AB3-FDEF0FB69113}.Release|Any CPU.Build.0 = Release|Any CPU
	EndGlobalSection
	GlobalSection(SolutionProperties) = preSolution
		HideSolutionNode = FALSE
	EndGlobalSection
	GlobalSection(ExtensibilityGlobals) = postSolution
		SolutionGuid = {01B8711D-4DB1-45D3-BF68-B07A37537BFC}
	EndGlobalSection
EndGlobal
